
Microsoft Visual Studio Solution File, Format Version 12.00
# Visual Studio 15
VisualStudioVersion = 15.0.28307.421
MinimumVisualStudioVersion = 10.0.40219.1
Project("{FAE04EC0-301F-11D3-BF4B-00C04F79EFBC}") = "AppToken.Api", "AppTokens.Api\AppToken.Api.csproj", "{912DA716-D54A-414F-A22A-23C27F22E5E9}"
EndProject
Project("{FAE04EC0-301F-11D3-BF4B-00C04F79EFBC}") = "AppToken.Services", "AppToken.Services\AppToken.Services.csproj", "{CC074769-17CF-4515-ACD8-DF235F41C71C}"
EndProject
Project("{FAE04EC0-301F-11D3-BF4B-00C04F79EFBC}") = "AppToken.Console", "TokenApp.Console\AppToken.Console.csproj", "{BADB07A6-BBFA-4E09-BAEB-545AED9FE8AB}"
EndProject
Global
	GlobalSection(SolutionConfigurationPlatforms) = preSolution
		Debug|Any CPU = Debug|Any CPU
		Release|Any CPU = Release|Any CPU
	EndGlobalSection
	GlobalSection(ProjectConfigurationPlatforms) = postSolution
		{912DA716-D54A-414F-A22A-23C27F22E5E9}.Debug|Any CPU.ActiveCfg = Debug|Any CPU
		{912DA716-D54A-414F-A22A-23C27F22E5E9}.Debug|Any CPU.Build.0 = Debug|Any CPU
		{912DA716-D54A-414F-A22A-23C27F22E5E9}.Release|Any CPU.ActiveCfg = Release|Any CPU
		{912DA716-D54A-414F-A22A-23C27F22E5E9}.Release|Any CPU.Build.0 = Release|Any CPU
		{CC074769-17CF-4515-ACD8-DF235F41C71C}.Debug|Any CPU.ActiveCfg = Debug|Any CPU
		{CC074769-17CF-4515-ACD8-DF235F41C71C}.Debug|Any CPU.Build.0 = Debug|Any CPU
		{CC074769-17CF-4515-ACD8-DF235F41C71C}.Release|Any CPU.ActiveCfg = Release|Any CPU
		{CC074769-17CF-4515-ACD8-DF235F41C71C}.Release|Any CPU.Build.0 = Release|Any CPU
		{BADB07A6-BBFA-4E09-BAEB-545AED9FE8AB}.Debug|Any CPU.ActiveCfg = Debug|Any CPU
		{BADB07A6-BBFA-4E09-BAEB-545AED9FE8AB}.Debug|Any CPU.Build.0 = Debug|Any CPU
		{BADB07A6-BBFA-4E09-BAEB-545AED9FE8AB}.Release|Any CPU.ActiveCfg = Release|Any CPU
		{BADB07A6-BBFA-4E09-BAEB-545AED9FE8AB}.Release|Any CPU.Build.0 = Release|Any CPU
	EndGlobalSection
	GlobalSection(SolutionProperties) = preSolution
		HideSolutionNode = FALSE
	EndGlobalSection
	GlobalSection(ExtensibilityGlobals) = postSolution
		SolutionGuid = {5AC5AC1B-51CA-4611-B06B-E03BB99B1DF3}
	EndGlobalSection
EndGlobal
